// !$*UTF8*$!
{
	archiveVersion = 1;
	classes = {
	};
	objectVersion = 77;
	objects = {

/* Begin PBXBuildFile section */
		0A9D20C82FBBBA7C7883528A /* BuddyState.swift in Sources */ = {isa = PBXBuildFile; fileRef = A556DCDA3181F7F72C7A6427 /* BuddyState.swift */; };
		14F719C0949759B9993A74EC /* ChatView.swift in Sources */ = {isa = PBXBuildFile; fileRef = BE7D6BE8EAAA4FFF8F3DC6F5 /* ChatView.swift */; };
		3C4F11136D3C221497FAB47C /* ShellEnvironment.swift in Sources */ = {isa = PBXBuildFile; fileRef = BB56600BB09F0FE1EA308013 /* ShellEnvironment.swift */; };
		4863476E34003522B434F1E5 /* WanderEngine.swift in Sources */ = {isa = PBXBuildFile; fileRef = F06740799CB1A9410BEDC19A /* WanderEngine.swift */; };
		54842923E601C53E6C83160B /* ContextSensor.swift in Sources */ = {isa = PBXBuildFile; fileRef = 5104F45DDE3BC9D0E1CE4F5F /* ContextSensor.swift */; };
		6013DB13A68311B8503872C0 /* AppDelegate.swift in Sources */ = {isa = PBXBuildFile; fileRef = DF502F8FB886FB3716DB4674 /* AppDelegate.swift */; };
		70DB2B7499F6096B4F78167D /* FloatingWindowController.swift in Sources */ = {isa = PBXBuildFile; fileRef = 16C314DCE9562BBB69F0D96B /* FloatingWindowController.swift */; };
		8FE88F6BE91E4D76194EEA5D /* ChatWindowController.swift in Sources */ = {isa = PBXBuildFile; fileRef = F12DF4F3922235A3426EF5A4 /* ChatWindowController.swift */; };
		946A7043E52922E3F4F0A4A7 /* ContextSensorTests.swift in Sources */ = {isa = PBXBuildFile; fileRef = 84378F64149EAF5E286E5625 /* ContextSensorTests.swift */; };
		A10F2AB33F485ADD17AF71DC /* WanderEngineTests.swift in Sources */ = {isa = PBXBuildFile; fileRef = 6434CA1B25659D0239C1821D /* WanderEngineTests.swift */; };
		A3FDF39B9637153DB846CF0C /* BuddyApp.swift in Sources */ = {isa = PBXBuildFile; fileRef = ED8115D93E2F6808644D4BFA /* BuddyApp.swift */; };
		A54CB9B91DE2C09C948D4B3A /* BuddyCharacter.swift in Sources */ = {isa = PBXBuildFile; fileRef = 9761F8A1ADFFBD65ECC7B37F /* BuddyCharacter.swift */; };
		BD44D4E0CC9DD15CAFA23825 /* Emotion.swift in Sources */ = {isa = PBXBuildFile; fileRef = 03F0ED93CB66E71A62194659 /* Emotion.swift */; };
		C08F6759D0918A4AFC0D7BD6 /* FloatingWindow.swift in Sources */ = {isa = PBXBuildFile; fileRef = 4C39F138018E6C458CF612C2 /* FloatingWindow.swift */; };
		C3ADFBC1213B3385A116E052 /* AIService.swift in Sources */ = {isa = PBXBuildFile; fileRef = F00CBB24A4ADAC80FE6FDB52 /* AIService.swift */; };
		C7E119B4EF9CB230E92E0726 /* CharacterStore.swift in Sources */ = {isa = PBXBuildFile; fileRef = DA21D182EEA914406C163709 /* CharacterStore.swift */; };
		C8CE33C01B33849524452874 /* KeychainHelper.swift in Sources */ = {isa = PBXBuildFile; fileRef = C485BE7AD6049572479FC68F /* KeychainHelper.swift */; };
		CC4F12735D320C13B8BC9505 /* SpeechBubbleView.swift in Sources */ = {isa = PBXBuildFile; fileRef = 384DC498D28155A01747C6FA /* SpeechBubbleView.swift */; };
		D1BE30B12C1ECAA6523F2187 /* AIServiceTests.swift in Sources */ = {isa = PBXBuildFile; fileRef = 916324EC5E9502D693EEBDBC /* AIServiceTests.swift */; };
		D68109C8EEF80DCE79F3851B /* SettingsView.swift in Sources */ = {isa = PBXBuildFile; fileRef = 49AFE6D53C6A50F4D02FD7DB /* SettingsView.swift */; };
		D87251635B86D7D0F96FEEF2 /* ChatMessage.swift in Sources */ = {isa = PBXBuildFile; fileRef = 93C3DA65F05ECDBB080C6CE4 /* ChatMessage.swift */; };
		EFB48CD0CA329D03E4AAD419 /* BuddyStateTests.swift in Sources */ = {isa = PBXBuildFile; fileRef = 93624F720A7967EC5C0A3CDB /* BuddyStateTests.swift */; };
		F80861B8F7CFCB9DAA59EE19 /* BlobView.swift in Sources */ = {isa = PBXBuildFile; fileRef = 73149E500B8BB5EF6EE6A6DC /* BlobView.swift */; };
/* End PBXBuildFile section */

/* Begin PBXContainerItemProxy section */
		A701D0C002D62433BBDE4552 /* PBXContainerItemProxy */ = {
			isa = PBXContainerItemProxy;
			containerPortal = D2BA504489097108387511FD /* Project object */;
			proxyType = 1;
			remoteGlobalIDString = 92D6CBD1E5E238F32E5109CD;
			remoteInfo = Buddy;
		};
/* End PBXContainerItemProxy section */

/* Begin PBXFileReference section */
		03F0ED93CB66E71A62194659 /* Emotion.swift */ = {isa = PBXFileReference; lastKnownFileType = sourcecode.swift; path = Emotion.swift; sourceTree = "<group>"; };
		16C314DCE9562BBB69F0D96B /* FloatingWindowController.swift */ = {isa = PBXFileReference; lastKnownFileType = sourcecode.swift; path = FloatingWindowController.swift; sourceTree = "<group>"; };
		384DC498D28155A01747C6FA /* SpeechBubbleView.swift */ = {isa = PBXFileReference; lastKnownFileType = sourcecode.swift; path = SpeechBubbleView.swift; sourceTree = "<group>"; };
		49AFE6D53C6A50F4D02FD7DB /* SettingsView.swift */ = {isa = PBXFileReference; lastKnownFileType = sourcecode.swift; path = SettingsView.swift; sourceTree = "<group>"; };
		4C39F138018E6C458CF612C2 /* FloatingWindow.swift */ = {isa = PBXFileReference; lastKnownFileType = sourcecode.swift; path = FloatingWindow.swift; sourceTree = "<group>"; };
		5104F45DDE3BC9D0E1CE4F5F /* ContextSensor.swift */ = {isa = PBXFileReference; lastKnownFileType = sourcecode.swift; path = ContextSensor.swift; sourceTree = "<group>"; };
		6434CA1B25659D0239C1821D /* WanderEngineTests.swift */ = {isa = PBXFileReference; lastKnownFileType = sourcecode.swift; path = WanderEngineTests.swift; sourceTree = "<group>"; };
		73149E500B8BB5EF6EE6A6DC /* BlobView.swift */ = {isa = PBXFileReference; lastKnownFileType = sourcecode.swift; path = BlobView.swift; sourceTree = "<group>"; };
		84378F64149EAF5E286E5625 /* ContextSensorTests.swift */ = {isa = PBXFileReference; lastKnownFileType = sourcecode.swift; path = ContextSensorTests.swift; sourceTree = "<group>"; };
		8BE6426EC12149C808484799 /* Buddy.app */ = {isa = PBXFileReference; explicitFileType = wrapper.application; includeInIndex = 0; path = Buddy.app; sourceTree = BUILT_PRODUCTS_DIR; };
		916324EC5E9502D693EEBDBC /* AIServiceTests.swift */ = {isa = PBXFileReference; lastKnownFileType = sourcecode.swift; path = AIServiceTests.swift; sourceTree = "<group>"; };
		93624F720A7967EC5C0A3CDB /* BuddyStateTests.swift */ = {isa = PBXFileReference; lastKnownFileType = sourcecode.swift; path = BuddyStateTests.swift; sourceTree = "<group>"; };
		93C3DA65F05ECDBB080C6CE4 /* ChatMessage.swift */ = {isa = PBXFileReference; lastKnownFileType = sourcecode.swift; path = ChatMessage.swift; sourceTree = "<group>"; };
		9761F8A1ADFFBD65ECC7B37F /* BuddyCharacter.swift */ = {isa = PBXFileReference; lastKnownFileType = sourcecode.swift; path = BuddyCharacter.swift; sourceTree = "<group>"; };
		A556DCDA3181F7F72C7A6427 /* BuddyState.swift */ = {isa = PBXFileReference; lastKnownFileType = sourcecode.swift; path = BuddyState.swift; sourceTree = "<group>"; };
		B62ADAFAFF48938BEF43E220 /* BuddyTests.xctest */ = {isa = PBXFileReference; explicitFileType = wrapper.cfbundle; includeInIndex = 0; path = BuddyTests.xctest; sourceTree = BUILT_PRODUCTS_DIR; };
		BB56600BB09F0FE1EA308013 /* ShellEnvironment.swift */ = {isa = PBXFileReference; lastKnownFileType = sourcecode.swift; path = ShellEnvironment.swift; sourceTree = "<group>"; };
		BE7D6BE8EAAA4FFF8F3DC6F5 /* ChatView.swift */ = {isa = PBXFileReference; lastKnownFileType = sourcecode.swift; path = ChatView.swift; sourceTree = "<group>"; };
		C485BE7AD6049572479FC68F /* KeychainHelper.swift */ = {isa = PBXFileReference; lastKnownFileType = sourcecode.swift; path = KeychainHelper.swift; sourceTree = "<group>"; };
		DA21D182EEA914406C163709 /* CharacterStore.swift */ = {isa = PBXFileReference; lastKnownFileType = sourcecode.swift; path = CharacterStore.swift; sourceTree = "<group>"; };
		DF502F8FB886FB3716DB4674 /* AppDelegate.swift */ = {isa = PBXFileReference; lastKnownFileType = sourcecode.swift; path = AppDelegate.swift; sourceTree = "<group>"; };
		ED8115D93E2F6808644D4BFA /* BuddyApp.swift */ = {isa = PBXFileReference; lastKnownFileType = sourcecode.swift; path = BuddyApp.swift; sourceTree = "<group>"; };
		F00CBB24A4ADAC80FE6FDB52 /* AIService.swift */ = {isa = PBXFileReference; lastKnownFileType = sourcecode.swift; path = AIService.swift; sourceTree = "<group>"; };
		F06740799CB1A9410BEDC19A /* WanderEngine.swift */ = {isa = PBXFileReference; lastKnownFileType = sourcecode.swift; path = WanderEngine.swift; sourceTree = "<group>"; };
		F12DF4F3922235A3426EF5A4 /* ChatWindowController.swift */ = {isa = PBXFileReference; lastKnownFileType = sourcecode.swift; path = ChatWindowController.swift; sourceTree = "<group>"; };
/* End PBXFileReference section */

/* Begin PBXGroup section */
		18F8C123EF0E624C79024576 /* Engine */ = {
			isa = PBXGroup;
			children = (
				5104F45DDE3BC9D0E1CE4F5F /* ContextSensor.swift */,
				F06740799CB1A9410BEDC19A /* WanderEngine.swift */,
			);
			path = Engine;
			sourceTree = "<group>";
		};
		7664ADC03C17271916703641 /* BuddyTests */ = {
			isa = PBXGroup;
			children = (
				916324EC5E9502D693EEBDBC /* AIServiceTests.swift */,
				93624F720A7967EC5C0A3CDB /* BuddyStateTests.swift */,
				84378F64149EAF5E286E5625 /* ContextSensorTests.swift */,
				6434CA1B25659D0239C1821D /* WanderEngineTests.swift */,
			);
			path = BuddyTests;
			sourceTree = "<group>";
		};
		A24A8F8CE15D32470B48D341 /* Views */ = {
			isa = PBXGroup;
			children = (
				73149E500B8BB5EF6EE6A6DC /* BlobView.swift */,
				BE7D6BE8EAAA4FFF8F3DC6F5 /* ChatView.swift */,
				F12DF4F3922235A3426EF5A4 /* ChatWindowController.swift */,
				49AFE6D53C6A50F4D02FD7DB /* SettingsView.swift */,
				384DC498D28155A01747C6FA /* SpeechBubbleView.swift */,
			);
			path = Views;
			sourceTree = "<group>";
		};
		B784DEB52F1BFBBCE73EC44D /* Buddy */ = {
			isa = PBXGroup;
			children = (
				DF502F8FB886FB3716DB4674 /* AppDelegate.swift */,
				ED8115D93E2F6808644D4BFA /* BuddyApp.swift */,
				4C39F138018E6C458CF612C2 /* FloatingWindow.swift */,
				16C314DCE9562BBB69F0D96B /* FloatingWindowController.swift */,
				18F8C123EF0E624C79024576 /* Engine */,
				DA42F27D81A625BCEEF226A7 /* Models */,
				D7907F4BBA1BE8A850E794EB /* Services */,
				A24A8F8CE15D32470B48D341 /* Views */,
			);
			path = Buddy;
			sourceTree = "<group>";
		};
		C6637391C400BE2360AA0BD5 = {
			isa = PBXGroup;
			children = (
				B784DEB52F1BFBBCE73EC44D /* Buddy */,
				7664ADC03C17271916703641 /* BuddyTests */,
				FF08E58144334FC80ACD8C2B /* Products */,
			);
			sourceTree = "<group>";
		};
		D7907F4BBA1BE8A850E794EB /* Services */ = {
			isa = PBXGroup;
			children = (
				F00CBB24A4ADAC80FE6FDB52 /* AIService.swift */,
				C485BE7AD6049572479FC68F /* KeychainHelper.swift */,
				BB56600BB09F0FE1EA308013 /* ShellEnvironment.swift */,
			);
			path = Services;
			sourceTree = "<group>";
		};
		DA42F27D81A625BCEEF226A7 /* Models */ = {
			isa = PBXGroup;
			children = (
				9761F8A1ADFFBD65ECC7B37F /* BuddyCharacter.swift */,
				A556DCDA3181F7F72C7A6427 /* BuddyState.swift */,
				DA21D182EEA914406C163709 /* CharacterStore.swift */,
				93C3DA65F05ECDBB080C6CE4 /* ChatMessage.swift */,
				03F0ED93CB66E71A62194659 /* Emotion.swift */,
			);
			path = Models;
			sourceTree = "<group>";
		};
		FF08E58144334FC80ACD8C2B /* Products */ = {
			isa = PBXGroup;
			children = (
				8BE6426EC12149C808484799 /* Buddy.app */,
				B62ADAFAFF48938BEF43E220 /* BuddyTests.xctest */,
			);
			name = Products;
			sourceTree = "<group>";
		};
/* End PBXGroup section */

/* Begin PBXNativeTarget section */
		92D6CBD1E5E238F32E5109CD /* Buddy */ = {
			isa = PBXNativeTarget;
			buildConfigurationList = D0B1F9EA9F160FD7052F3062 /* Build configuration list for PBXNativeTarget "Buddy" */;
			buildPhases = (
				C365EA6A471FF0D020B2C84E /* Sources */,
			);
			buildRules = (
			);
			dependencies = (
			);
			name = Buddy;
			packageProductDependencies = (
			);
			productName = Buddy;
			productReference = 8BE6426EC12149C808484799 /* Buddy.app */;
			productType = "com.apple.product-type.application";
		};
		CA5DBCEBFC45D09090E9EA4A /* BuddyTests */ = {
			isa = PBXNativeTarget;
			buildConfigurationList = 5F45F5B270659E03AFFF2497 /* Build configuration list for PBXNativeTarget "BuddyTests" */;
			buildPhases = (
				BA30F35894BB08AF169EAC70 /* Sources */,
			);
			buildRules = (
			);
			dependencies = (
				A37D980BFDEFCEF6CEF1DE20 /* PBXTargetDependency */,
			);
			name = BuddyTests;
			packageProductDependencies = (
			);
			productName = BuddyTests;
			productReference = B62ADAFAFF48938BEF43E220 /* BuddyTests.xctest */;
			productType = "com.apple.product-type.bundle.unit-test";
		};
/* End PBXNativeTarget section */

/* Begin PBXProject section */
		D2BA504489097108387511FD /* Project object */ = {
			isa = PBXProject;
			attributes = {
				BuildIndependentTargetsInParallel = YES;
				LastUpgradeCheck = 1430;
				TargetAttributes = {
				};
			};
			buildConfigurationList = 950CA3CBD4718CC74D70A633 /* Build configuration list for PBXProject "Buddy" */;
			developmentRegion = en;
			hasScannedForEncodings = 0;
			knownRegions = (
				Base,
				en,
			);
			mainGroup = C6637391C400BE2360AA0BD5;
			minimizedProjectReferenceProxies = 1;
			preferredProjectObjectVersion = 77;
			productRefGroup = FF08E58144334FC80ACD8C2B /* Products */;
			projectDirPath = "";
			projectRoot = "";
			targets = (
				92D6CBD1E5E238F32E5109CD /* Buddy */,
				CA5DBCEBFC45D09090E9EA4A /* BuddyTests */,
			);
		};
/* End PBXProject section */

/* Begin PBXSourcesBuildPhase section */
		BA30F35894BB08AF169EAC70 /* Sources */ = {
			isa = PBXSourcesBuildPhase;
			buildActionMask = 2147483647;
			files = (
				D1BE30B12C1ECAA6523F2187 /* AIServiceTests.swift in Sources */,
				EFB48CD0CA329D03E4AAD419 /* BuddyStateTests.swift in Sources */,
				946A7043E52922E3F4F0A4A7 /* ContextSensorTests.swift in Sources */,
				A10F2AB33F485ADD17AF71DC /* WanderEngineTests.swift in Sources */,
			);
			runOnlyForDeploymentPostprocessing = 0;
		};
		C365EA6A471FF0D020B2C84E /* Sources */ = {
			isa = PBXSourcesBuildPhase;
			buildActionMask = 2147483647;
			files = (
				C3ADFBC1213B3385A116E052 /* AIService.swift in Sources */,
				6013DB13A68311B8503872C0 /* AppDelegate.swift in Sources */,
				F80861B8F7CFCB9DAA59EE19 /* BlobView.swift in Sources */,
				A3FDF39B9637153DB846CF0C /* BuddyApp.swift in Sources */,
				A54CB9B91DE2C09C948D4B3A /* BuddyCharacter.swift in Sources */,
				0A9D20C82FBBBA7C7883528A /* BuddyState.swift in Sources */,
				C7E119B4EF9CB230E92E0726 /* CharacterStore.swift in Sources */,
				D87251635B86D7D0F96FEEF2 /* ChatMessage.swift in Sources */,
				14F719C0949759B9993A74EC /* ChatView.swift in Sources */,
				8FE88F6BE91E4D76194EEA5D /* ChatWindowController.swift in Sources */,
				54842923E601C53E6C83160B /* ContextSensor.swift in Sources */,
				BD44D4E0CC9DD15CAFA23825 /* Emotion.swift in Sources */,
				C08F6759D0918A4AFC0D7BD6 /* FloatingWindow.swift in Sources */,
				70DB2B7499F6096B4F78167D /* FloatingWindowController.swift in Sources */,
				C8CE33C01B33849524452874 /* KeychainHelper.swift in Sources */,
				D68109C8EEF80DCE79F3851B /* SettingsView.swift in Sources */,
				3C4F11136D3C221497FAB47C /* ShellEnvironment.swift in Sources */,
				CC4F12735D320C13B8BC9505 /* SpeechBubbleView.swift in Sources */,
				4863476E34003522B434F1E5 /* WanderEngine.swift in Sources */,
			);
			runOnlyForDeploymentPostprocessing = 0;
		};
/* End PBXSourcesBuildPhase section */

/* Begin PBXTargetDependency section */
		A37D980BFDEFCEF6CEF1DE20 /* PBXTargetDependency */ = {
			isa = PBXTargetDependency;
			target = 92D6CBD1E5E238F32E5109CD /* Buddy */;
			targetProxy = A701D0C002D62433BBDE4552 /* PBXContainerItemProxy */;
		};
/* End PBXTargetDependency section */

/* Begin XCBuildConfiguration section */
		133984275C2F2E3947896782 /* Debug */ = {
			isa = XCBuildConfiguration;
			buildSettings = {
				ASSETCATALOG_COMPILER_APPICON_NAME = AppIcon;
				COMBINE_HIDPI_IMAGES = YES;
				GENERATE_INFOPLIST_FILE = YES;
				INFOPLIST_KEY_LSUIElement = YES;
				LD_RUNPATH_SEARCH_PATHS = (
					"$(inherited)",
					"@executable_path/../Frameworks",
				);
				PRODUCT_BUNDLE_IDENTIFIER = com.hongmono.Buddy;
				SDKROOT = macosx;
			};
			name = Debug;
		};
		3BD4820540835074392448BB /* Debug */ = {
			isa = XCBuildConfiguration;
			buildSettings = {
				ALWAYS_SEARCH_USER_PATHS = NO;
				CLANG_ANALYZER_NONNULL = YES;
				CLANG_ANALYZER_NUMBER_OBJECT_CONVERSION = YES_AGGRESSIVE;
				CLANG_CXX_LANGUAGE_STANDARD = "gnu++14";
				CLANG_CXX_LIBRARY = "libc++";
				CLANG_ENABLE_MODULES = YES;
				CLANG_ENABLE_OBJC_ARC = YES;
				CLANG_ENABLE_OBJC_WEAK = YES;
				CLANG_WARN_BLOCK_CAPTURE_AUTORELEASING = YES;
				CLANG_WARN_BOOL_CONVERSION = YES;
				CLANG_WARN_COMMA = YES;
				CLANG_WARN_CONSTANT_CONVERSION = YES;
				CLANG_WARN_DEPRECATED_OBJC_IMPLEMENTATIONS = YES;
				CLANG_WARN_DIRECT_OBJC_ISA_USAGE = YES_ERROR;
				CLANG_WARN_DOCUMENTATION_COMMENTS = YES;
				CLANG_WARN_EMPTY_BODY = YES;
				CLANG_WARN_ENUM_CONVERSION = YES;
				CLANG_WARN_INFINITE_RECURSION = YES;
				CLANG_WARN_INT_CONVERSION = YES;
				CLANG_WARN_NON_LITERAL_NULL_CONVERSION = YES;
				CLANG_WARN_OBJC_IMPLICIT_RETAIN_SELF = YES;
				CLANG_WARN_OBJC_LITERAL_CONVERSION = YES;
				CLANG_WARN_OBJC_ROOT_CLASS = YES_ERROR;
				CLANG_WARN_QUOTED_INCLUDE_IN_FRAMEWORK_HEADER = YES;
				CLANG_WARN_RANGE_LOOP_ANALYSIS = YES;
				CLANG_WARN_STRICT_PROTOTYPES = YES;
				CLANG_WARN_SUSPICIOUS_MOVE = YES;
				CLANG_WARN_UNGUARDED_AVAILABILITY = YES_AGGRESSIVE;
				CLANG_WARN_UNREACHABLE_CODE = YES;
				CLANG_WARN__DUPLICATE_METHOD_MATCH = YES;
				COPY_PHASE_STRIP = NO;
				DEBUG_INFORMATION_FORMAT = dwarf;
				ENABLE_STRICT_OBJC_MSGSEND = YES;
				ENABLE_TESTABILITY = YES;
				GCC_C_LANGUAGE_STANDARD = gnu11;
				GCC_DYNAMIC_NO_PIC = NO;
				GCC_NO_COMMON_BLOCKS = YES;
				GCC_OPTIMIZATION_LEVEL = 0;
				GCC_PREPROCESSOR_DEFINITIONS = (
					"$(inherited)",
					"DEBUG=1",
				);
				GCC_WARN_64_TO_32_BIT_CONVERSION = YES;
				GCC_WARN_ABOUT_RETURN_TYPE = YES_ERROR;
				GCC_WARN_UNDECLARED_SELECTOR = YES;
				GCC_WARN_UNINITIALIZED_AUTOS = YES_AGGRESSIVE;
				GCC_WARN_UNUSED_FUNCTION = YES;
				GCC_WARN_UNUSED_VARIABLE = YES;
				MACOSX_DEPLOYMENT_TARGET = 14.0;
				MTL_ENABLE_DEBUG_INFO = INCLUDE_SOURCE;
				MTL_FAST_MATH = YES;
				ONLY_ACTIVE_ARCH = YES;
				PRODUCT_NAME = "$(TARGET_NAME)";
				SDKROOT = macosx;
				SWIFT_ACTIVE_COMPILATION_CONDITIONS = DEBUG;
				SWIFT_OPTIMIZATION_LEVEL = "-Onone";
				SWIFT_VERSION = 5.0;
			};
			name = Debug;
		};
		671386B24B1FDC35B07EE767 /* Release */ = {
			isa = XCBuildConfiguration;
			buildSettings = {
				ALWAYS_SEARCH_USER_PATHS = NO;
				CLANG_ANALYZER_NONNULL = YES;
				CLANG_ANALYZER_NUMBER_OBJECT_CONVERSION = YES_AGGRESSIVE;
				CLANG_CXX_LANGUAGE_STANDARD = "gnu++14";
				CLANG_CXX_LIBRARY = "libc++";
				CLANG_ENABLE_MODULES = YES;
				CLANG_ENABLE_OBJC_ARC = YES;
				CLANG_ENABLE_OBJC_WEAK = YES;
				CLANG_WARN_BLOCK_CAPTURE_AUTORELEASING = YES;
				CLANG_WARN_BOOL_CONVERSION = YES;
				CLANG_WARN_COMMA = YES;
				CLANG_WARN_CONSTANT_CONVERSION = YES;
				CLANG_WARN_DEPRECATED_OBJC_IMPLEMENTATIONS = YES;
				CLANG_WARN_DIRECT_OBJC_ISA_USAGE = YES_ERROR;
				CLANG_WARN_DOCUMENTATION_COMMENTS = YES;
				CLANG_WARN_EMPTY_BODY = YES;
				CLANG_WARN_ENUM_CONVERSION = YES;
				CLANG_WARN_INFINITE_RECURSION = YES;
				CLANG_WARN_INT_CONVERSION = YES;
				CLANG_WARN_NON_LITERAL_NULL_CONVERSION = YES;
				CLANG_WARN_OBJC_IMPLICIT_RETAIN_SELF = YES;
				CLANG_WARN_OBJC_LITERAL_CONVERSION = YES;
				CLANG_WARN_OBJC_ROOT_CLASS = YES_ERROR;
				CLANG_WARN_QUOTED_INCLUDE_IN_FRAMEWORK_HEADER = YES;
				CLANG_WARN_RANGE_LOOP_ANALYSIS = YES;
				CLANG_WARN_STRICT_PROTOTYPES = YES;
				CLANG_WARN_SUSPICIOUS_MOVE = YES;
				CLANG_WARN_UNGUARDED_AVAILABILITY = YES_AGGRESSIVE;
				CLANG_WARN_UNREACHABLE_CODE = YES;
				CLANG_WARN__DUPLICATE_METHOD_MATCH = YES;
				COPY_PHASE_STRIP = NO;
				DEBUG_INFORMATION_FORMAT = "dwarf-with-dsym";
				ENABLE_NS_ASSERTIONS = NO;
				ENABLE_STRICT_OBJC_MSGSEND = YES;
				GCC_C_LANGUAGE_STANDARD = gnu11;
				GCC_NO_COMMON_BLOCKS = YES;
				GCC_WARN_64_TO_32_BIT_CONVERSION = YES;
				GCC_WARN_ABOUT_RETURN_TYPE = YES_ERROR;
				GCC_WARN_UNDECLARED_SELECTOR = YES;
				GCC_WARN_UNINITIALIZED_AUTOS = YES_AGGRESSIVE;
				GCC_WARN_UNUSED_FUNCTION = YES;
				GCC_WARN_UNUSED_VARIABLE = YES;
				MACOSX_DEPLOYMENT_TARGET = 14.0;
				MTL_ENABLE_DEBUG_INFO = NO;
				MTL_FAST_MATH = YES;
				PRODUCT_NAME = "$(TARGET_NAME)";
				SDKROOT = macosx;
				SWIFT_COMPILATION_MODE = wholemodule;
				SWIFT_OPTIMIZATION_LEVEL = "-O";
				SWIFT_VERSION = 5.0;
			};
			name = Release;
		};
		7286F02EA73CA253F6E4F4A9 /* Release */ = {
			isa = XCBuildConfiguration;
			buildSettings = {
				ASSETCATALOG_COMPILER_APPICON_NAME = AppIcon;
				COMBINE_HIDPI_IMAGES = YES;
				GENERATE_INFOPLIST_FILE = YES;
				INFOPLIST_KEY_LSUIElement = YES;
				LD_RUNPATH_SEARCH_PATHS = (
					"$(inherited)",
					"@executable_path/../Frameworks",
				);
				PRODUCT_BUNDLE_IDENTIFIER = com.hongmono.Buddy;
				SDKROOT = macosx;
			};
			name = Release;
		};
		9F4514EABF41DC5A2BEF352F /* Debug */ = {
			isa = XCBuildConfiguration;
			buildSettings = {
				BUNDLE_LOADER = "$(TEST_HOST)";
				COMBINE_HIDPI_IMAGES = YES;
				GENERATE_INFOPLIST_FILE = YES;
				LD_RUNPATH_SEARCH_PATHS = (
					"$(inherited)",
					"@executable_path/../Frameworks",
					"@loader_path/../Frameworks",
				);
				PRODUCT_BUNDLE_IDENTIFIER = com.hongmono.BuddyTests;
				SDKROOT = macosx;
				TEST_HOST = "$(BUILT_PRODUCTS_DIR)/Buddy.app/Contents/MacOS/Buddy";
			};
			name = Debug;
		};
		CEF0B945C886A5AA7EE0D0D0 /* Release */ = {
			isa = XCBuildConfiguration;
			buildSettings = {
				BUNDLE_LOADER = "$(TEST_HOST)";
				COMBINE_HIDPI_IMAGES = YES;
				GENERATE_INFOPLIST_FILE = YES;
				LD_RUNPATH_SEARCH_PATHS = (
					"$(inherited)",
					"@executable_path/../Frameworks",
					"@loader_path/../Frameworks",
				);
				PRODUCT_BUNDLE_IDENTIFIER = com.hongmono.BuddyTests;
				SDKROOT = macosx;
				TEST_HOST = "$(BUILT_PRODUCTS_DIR)/Buddy.app/Contents/MacOS/Buddy";
			};
			name = Release;
		};
/* End XCBuildConfiguration section */

/* Begin XCConfigurationList section */
		5F45F5B270659E03AFFF2497 /* Build configuration list for PBXNativeTarget "BuddyTests" */ = {
			isa = XCConfigurationList;
			buildConfigurations = (
				9F4514EABF41DC5A2BEF352F /* Debug */,
				CEF0B945C886A5AA7EE0D0D0 /* Release */,
			);
			defaultConfigurationIsVisible = 0;
			defaultConfigurationName = Debug;
		};
		950CA3CBD4718CC74D70A633 /* Build configuration list for PBXProject "Buddy" */ = {
			isa = XCConfigurationList;
			buildConfigurations = (
				3BD4820540835074392448BB /* Debug */,
				671386B24B1FDC35B07EE767 /* Release */,
			);
			defaultConfigurationIsVisible = 0;
			defaultConfigurationName = Debug;
		};
		D0B1F9EA9F160FD7052F3062 /* Build configuration list for PBXNativeTarget "Buddy" */ = {
			isa = XCConfigurationList;
			buildConfigurations = (
				133984275C2F2E3947896782 /* Debug */,
				7286F02EA73CA253F6E4F4A9 /* Release */,
			);
			defaultConfigurationIsVisible = 0;
			defaultConfigurationName = Debug;
		};
/* End XCConfigurationList section */
	};
	rootObject = D2BA504489097108387511FD /* Project object */;
}
